
Microsoft Visual Studio Solution File, Format Version 12.00
# Visual Studio Version 17
VisualStudioVersion = 17.4.33205.214
MinimumVisualStudioVersion = 10.0.40219.1
Project("{FAE04EC0-301F-11D3-BF4B-00C04F79EFBC}") = "WebApplication1", "WebApplication1\WebApplication1.csproj", "{DDBB9E6B-2215-4E84-B33B-816DDA1FEFA0}"
EndProject
Global
	GlobalSection(SolutionConfigurationPlatforms) = preSolution
		Debug|Any CPU = Debug|Any CPU
		Release|Any CPU = Release|Any CPU
	EndGlobalSection
	GlobalSection(ProjectConfigurationPlatforms) = postSolution
		{DDBB9E6B-2215-4E84-B33B-816DDA1FEFA0}.Debug|Any CPU.ActiveCfg = Debug|Any CPU
		{DDBB9E6B-2215-4E84-B33B-816DDA1FEFA0}.Debug|Any CPU.Build.0 = Debug|Any CPU
		{DDBB9E6B-2215-4E84-B33B-816DDA1FEFA0}.Release|Any CPU.ActiveCfg = Release|Any CPU
		{DDBB9E6B-2215-4E84-B33B-816DDA1FEFA0}.Release|Any CPU.Build.0 = Release|Any CPU
	EndGlobalSection
	GlobalSection(SolutionProperties) = preSolution
		HideSolutionNode = FALSE
	EndGlobalSection
	GlobalSection(ExtensibilityGlobals) = postSolution
		SolutionGuid = {ABFF01F6-2032-44F0-BEBE-5682932DA0C8}
	EndGlobalSection
EndGlobal
